<?xml version="1.0" encoding="utf-8"?>
<Project ToolsVersion="4.0" xmlns="http://schemas.microsoft.com/developer/msbuild/2003">
  <ItemGroup>
    <ClCompile Include="debug_draw_manager.cpp" />
    <ClCompile Include="register_types.cpp" />
    <ClCompile Include="api\c_api.cpp">
      <Filter>api</Filter>
    </ClCompile>
    <ClCompile Include="3d\config_scope_3d.cpp">
      <Filter>3d</Filter>
    </ClCompile>
    <ClCompile Include="3d\debug_draw_3d.cpp">
      <Filter>3d</Filter>
    </ClCompile>
    <ClCompile Include="3d\config_3d.cpp">
      <Filter>3d</Filter>
    </ClCompile>
    <ClCompile Include="3d\debug_geometry_container.cpp">
      <Filter>3d</Filter>
    </ClCompile>
    <ClCompile Include="3d\stats_3d.cpp">
      <Filter>3d</Filter>
    </ClCompile>
    <ClCompile Include="3d\geometry_generators.cpp">
      <Filter>3d</Filter>
    </ClCompile>
    <ClCompile Include="3d\render_instances.cpp">
      <Filter>3d</Filter>
    </ClCompile>
    <ClCompile Include="thirdparty\tracy\public\TracyClient.cpp">
      <Filter>thirdparty\tracy\public</Filter>
    </ClCompile>
    <ClCompile Include="gen\editor_resources.gen.cpp">
      <Filter>gen</Filter>
    </ClCompile>
    <ClCompile Include="gen\shared_resources.gen.cpp">
      <Filter>gen</Filter>
    </ClCompile>
    <ClCompile Include="editor\asset_library_update_checker.cpp">
      <Filter>editor</Filter>
    </ClCompile>
    <ClCompile Include="editor\editor_menu_extensions.cpp">
      <Filter>editor</Filter>
    </ClCompile>
    <ClCompile Include="editor\generate_csharp_bindings.cpp">
      <Filter>editor</Filter>
    </ClCompile>
    <ClCompile Include="utils\math_utils.cpp">
      <Filter>utils</Filter>
    </ClCompile>
    <ClCompile Include="utils\utils.cpp">
      <Filter>utils</Filter>
    </ClCompile>
    <ClCompile Include="2d\graphs.cpp">
      <Filter>2d</Filter>
    </ClCompile>
    <ClCompile Include="2d\debug_draw_2d.cpp">
      <Filter>2d</Filter>
    </ClCompile>
    <ClCompile Include="2d\config_2d.cpp">
      <Filter>2d</Filter>
    </ClCompile>
    <ClCompile Include="2d\stats_2d.cpp">
      <Filter>2d</Filter>
    </ClCompile>
    <ClCompile Include="2d\grouped_text.cpp">
      <Filter>2d</Filter>
    </ClCompile>
    <ClCompile Include="common\colors.cpp">
      <Filter>common</Filter>
    </ClCompile>
  </ItemGroup>
  <ItemGroup>
    <ClInclude Include="debug_draw_manager.h" />
    <ClInclude Include="version.h" />
    <ClInclude Include="api\c_api.h">
      <Filter>api</Filter>
    </ClInclude>
    <ClInclude Include="api\include\c_api_shared.h">
      <Filter>api\include</Filter>
    </ClInclude>
    <ClInclude Include="api\include\dd3d_cpp_api.h">
      <Filter>api\include</Filter>
    </ClInclude>
    <ClInclude Include="3d\config_scope_3d.h">
      <Filter>3d</Filter>
    </ClInclude>
    <ClInclude Include="3d\debug_draw_3d.h">
      <Filter>3d</Filter>
    </ClInclude>
    <ClInclude Include="3d\config_3d.h">
      <Filter>3d</Filter>
    </ClInclude>
    <ClInclude Include="3d\debug_geometry_container.h">
      <Filter>3d</Filter>
    </ClInclude>
    <ClInclude Include="3d\render_instances_enums.h">
      <Filter>3d</Filter>
    </ClInclude>
    <ClInclude Include="3d\stats_3d.h">
      <Filter>3d</Filter>
    </ClInclude>
    <ClInclude Include="3d\geometry_generators.h">
      <Filter>3d</Filter>
    </ClInclude>
    <ClInclude Include="3d\render_instances.h">
      <Filter>3d</Filter>
    </ClInclude>
    <ClInclude Include="thirdparty\tracy\public\tracy\Tracy.hpp">
      <Filter>thirdparty\tracy\public\tracy</Filter>
    </ClInclude>
    <ClInclude Include="gen\editor_resources.gen.h">
      <Filter>gen</Filter>
    </ClInclude>
    <ClInclude Include="gen\shared_resources.gen.h">
      <Filter>gen</Filter>
    </ClInclude>
    <ClInclude Include="editor\asset_library_update_checker.h">
      <Filter>editor</Filter>
    </ClInclude>
    <ClInclude Include="editor\editor_menu_extensions.h">
      <Filter>editor</Filter>
    </ClInclude>
    <ClInclude Include="editor\generate_csharp_bindings.h">
      <Filter>editor</Filter>
    </ClInclude>
    <ClInclude Include="utils\math_utils.h">
      <Filter>utils</Filter>
    </ClInclude>
    <ClInclude Include="utils\profiler.h">
      <Filter>utils</Filter>
    </ClInclude>
    <ClInclude Include="utils\utils.h">
      <Filter>utils</Filter>
    </ClInclude>
    <ClInclude Include="utils\compiler.h">
      <Filter>utils</Filter>
    </ClInclude>
    <ClInclude Include="2d\graphs.h">
      <Filter>2d</Filter>
    </ClInclude>
    <ClInclude Include="2d\debug_draw_2d.h">
      <Filter>2d</Filter>
    </ClInclude>
    <ClInclude Include="2d\config_2d.h">
      <Filter>2d</Filter>
    </ClInclude>
    <ClInclude Include="2d\stats_2d.h">
      <Filter>2d</Filter>
    </ClInclude>
    <ClInclude Include="2d\grouped_text.h">
      <Filter>2d</Filter>
    </ClInclude>
    <ClInclude Include="common\circular_buffer.h">
      <Filter>common</Filter>
    </ClInclude>
    <ClInclude Include="common\colors.h">
      <Filter>common</Filter>
    </ClInclude>
    <ClInclude Include="common\i_scope_storage.h">
      <Filter>common</Filter>
    </ClInclude>
  </ItemGroup>
  <ItemGroup>
    <None Include="cpp.hint" />
    <None Include="default_sources.json" />
    <None Include="3d\cpp.hint">
      <Filter>3d</Filter>
    </None>
  </ItemGroup>
  <ItemGroup>
    <Natvis Include="debug_strings.natvis" />
  </ItemGroup>
  <ItemGroup>
    <Filter Include="api">
      <UniqueIdentifier>{fc8e1629-cc43-44d0-9828-57702d1afb86}</UniqueIdentifier>
    </Filter>
    <Filter Include="api\include">
      <UniqueIdentifier>{5441e933-52ce-4a5c-8f74-72fcc17db7fd}</UniqueIdentifier>
    </Filter>
    <Filter Include="3d">
      <UniqueIdentifier>{64b8422b-a464-492a-9a4f-a3a00e12a41e}</UniqueIdentifier>
    </Filter>
    <Filter Include="thirdparty">
      <UniqueIdentifier>{ab3330c0-d218-4d96-b47c-b23ad29c0f40}</UniqueIdentifier>
    </Filter>
    <Filter Include="thirdparty\tracy">
      <UniqueIdentifier>{8a91bbde-c91a-4589-9c0f-19c5d30ee129}</UniqueIdentifier>
    </Filter>
    <Filter Include="thirdparty\tracy\public">
      <UniqueIdentifier>{b575f914-0b96-4aab-8e4b-d5631943982a}</UniqueIdentifier>
    </Filter>
    <Filter Include="thirdparty\tracy\public\tracy">
      <UniqueIdentifier>{eee08138-02d8-4f5d-a6de-8f25a969eedf}</UniqueIdentifier>
    </Filter>
    <Filter Include="gen">
      <UniqueIdentifier>{046bb700-bbcd-491b-9b2a-4e2129bbab9d}</UniqueIdentifier>
    </Filter>
    <Filter Include="editor">
      <UniqueIdentifier>{4e275462-a3fc-4565-8eb0-001bd43c7a9c}</UniqueIdentifier>
    </Filter>
    <Filter Include="utils">
      <UniqueIdentifier>{e295810f-9318-48a2-b397-4344a55b7117}</UniqueIdentifier>
    </Filter>
    <Filter Include="2d">
      <UniqueIdentifier>{e89f1dc9-ff1b-4dd3-86d5-d01cb50dff04}</UniqueIdentifier>
    </Filter>
    <Filter Include="common">
      <UniqueIdentifier>{15bb6dee-b17d-4d39-baf2-53c46dd04154}</UniqueIdentifier>
    </Filter>
  </ItemGroup>
</Project>